
Microsoft Visual Studio Solution File, Format Version 12.00
# Visual Studio Version 17
VisualStudioVersion = 17.0.31717.71
MinimumVisualStudioVersion = 10.0.40219.1
Project("{FAE04EC0-301F-11D3-BF4B-00C04F79EFBC}") = "MailManager", "MailManager\MailManager.csproj", "{24FA6D71-B0F2-4B61-A8A2-A0FEEA61B23E}"
EndProject
Global
	GlobalSection(SolutionConfigurationPlatforms) = preSolution
		Debug|Any CPU = Debug|Any CPU
		Release|Any CPU = Release|Any CPU
	EndGlobalSection
	GlobalSection(ProjectConfigurationPlatforms) = postSolution
		{24FA6D71-B0F2-4B61-A8A2-A0FEEA61B23E}.Debug|Any CPU.ActiveCfg = Debug|Any CPU
		{24FA6D71-B0F2-4B61-A8A2-A0FEEA61B23E}.Debug|Any CPU.Build.0 = Debug|Any CPU
		{24FA6D71-B0F2-4B61-A8A2-A0FEEA61B23E}.Release|Any CPU.ActiveCfg = Release|Any CPU
		{24FA6D71-B0F2-4B61-A8A2-A0FEEA61B23E}.Release|Any CPU.Build.0 = Release|Any CPU
	EndGlobalSection
	GlobalSection(SolutionProperties) = preSolution
		HideSolutionNode = FALSE
	EndGlobalSection
	GlobalSection(ExtensibilityGlobals) = postSolution
		SolutionGuid = {BBEBBE14-605F-4427-8320-5A92A7FC0E5C}
	EndGlobalSection
EndGlobal
